
Microsoft Visual Studio Solution File, Format Version 12.00
# Visual Studio Version 16
VisualStudioVersion = 16.0.31105.61
MinimumVisualStudioVersion = 10.0.40219.1
Project("{9A19103F-16F7-4668-BE54-9A1E7A4F7556}") = "WebAPI", "DesafioTecnico\WebAPI.csproj", "{ED6D513C-2164-4628-B793-DD938B58ADA7}"
EndProject
Project("{9A19103F-16F7-4668-BE54-9A1E7A4F7556}") = "Security", "Security\Security.csproj", "{3792669C-FD43-4D85-820B-3B332AF47E68}"
EndProject
Project("{9A19103F-16F7-4668-BE54-9A1E7A4F7556}") = "Users", "Users\Users.csproj", "{D5A36E2F-EC20-4B45-A04A-BFD87C7E7F2C}"
EndProject
Project("{2150E333-8FDC-42A3-9474-1A3956D46DE8}") = "0 - Common", "0 - Common", "{F50E1887-57FF-47D0-A7A9-C21A3E25F812}"
EndProject
Project("{2150E333-8FDC-42A3-9474-1A3956D46DE8}") = "1 - Core", "1 - Core", "{1D35F97C-1722-423C-B943-80F66860B3A7}"
EndProject
Project("{2150E333-8FDC-42A3-9474-1A3956D46DE8}") = "2 - Apps", "2 - Apps", "{A9F096E8-AE2F-403E-9526-370E5E85A1E8}"
EndProject
Project("{9A19103F-16F7-4668-BE54-9A1E7A4F7556}") = "Data", "Filmes\Data.csproj", "{A3008965-86B3-4CCA-9423-C2CDCE7BCC24}"
EndProject
Project("{FAE04EC0-301F-11D3-BF4B-00C04F79EFBC}") = "AuthProvider", "AuthProvider\AuthProvider.csproj", "{10D84B74-7F4B-49F3-A911-8EAB6A5AA420}"
EndProject
Project("{FAE04EC0-301F-11D3-BF4B-00C04F79EFBC}") = "MSFilmes", "MSFilmes\MSFilmes.csproj", "{FAC72843-0BFF-43BA-ABDF-9FBD1FCEA638}"
EndProject
Project("{FAE04EC0-301F-11D3-BF4B-00C04F79EFBC}") = "MSFilmes.Tests", "MSFilmes.Tests\MSFilmes.Tests.csproj", "{06D19057-6D48-4E10-A0D4-3FDDA156024D}"
EndProject
Global
	GlobalSection(SolutionConfigurationPlatforms) = preSolution
		Debug|Any CPU = Debug|Any CPU
		Release|Any CPU = Release|Any CPU
	EndGlobalSection
	GlobalSection(ProjectConfigurationPlatforms) = postSolution
		{ED6D513C-2164-4628-B793-DD938B58ADA7}.Debug|Any CPU.ActiveCfg = Debug|Any CPU
		{ED6D513C-2164-4628-B793-DD938B58ADA7}.Debug|Any CPU.Build.0 = Debug|Any CPU
		{ED6D513C-2164-4628-B793-DD938B58ADA7}.Release|Any CPU.ActiveCfg = Release|Any CPU
		{ED6D513C-2164-4628-B793-DD938B58ADA7}.Release|Any CPU.Build.0 = Release|Any CPU
		{3792669C-FD43-4D85-820B-3B332AF47E68}.Debug|Any CPU.ActiveCfg = Debug|Any CPU
		{3792669C-FD43-4D85-820B-3B332AF47E68}.Debug|Any CPU.Build.0 = Debug|Any CPU
		{3792669C-FD43-4D85-820B-3B332AF47E68}.Release|Any CPU.ActiveCfg = Release|Any CPU
		{3792669C-FD43-4D85-820B-3B332AF47E68}.Release|Any CPU.Build.0 = Release|Any CPU
		{D5A36E2F-EC20-4B45-A04A-BFD87C7E7F2C}.Debug|Any CPU.ActiveCfg = Debug|Any CPU
		{D5A36E2F-EC20-4B45-A04A-BFD87C7E7F2C}.Debug|Any CPU.Build.0 = Debug|Any CPU
		{D5A36E2F-EC20-4B45-A04A-BFD87C7E7F2C}.Release|Any CPU.ActiveCfg = Release|Any CPU
		{D5A36E2F-EC20-4B45-A04A-BFD87C7E7F2C}.Release|Any CPU.Build.0 = Release|Any CPU
		{A3008965-86B3-4CCA-9423-C2CDCE7BCC24}.Debug|Any CPU.ActiveCfg = Debug|Any CPU
		{A3008965-86B3-4CCA-9423-C2CDCE7BCC24}.Debug|Any CPU.Build.0 = Debug|Any CPU
		{A3008965-86B3-4CCA-9423-C2CDCE7BCC24}.Release|Any CPU.ActiveCfg = Release|Any CPU
		{A3008965-86B3-4CCA-9423-C2CDCE7BCC24}.Release|Any CPU.Build.0 = Release|Any CPU
		{10D84B74-7F4B-49F3-A911-8EAB6A5AA420}.Debug|Any CPU.ActiveCfg = Debug|Any CPU
		{10D84B74-7F4B-49F3-A911-8EAB6A5AA420}.Debug|Any CPU.Build.0 = Debug|Any CPU
		{10D84B74-7F4B-49F3-A911-8EAB6A5AA420}.Release|Any CPU.ActiveCfg = Release|Any CPU
		{10D84B74-7F4B-49F3-A911-8EAB6A5AA420}.Release|Any CPU.Build.0 = Release|Any CPU
		{FAC72843-0BFF-43BA-ABDF-9FBD1FCEA638}.Debug|Any CPU.ActiveCfg = Debug|Any CPU
		{FAC72843-0BFF-43BA-ABDF-9FBD1FCEA638}.Debug|Any CPU.Build.0 = Debug|Any CPU
		{FAC72843-0BFF-43BA-ABDF-9FBD1FCEA638}.Release|Any CPU.ActiveCfg = Release|Any CPU
		{FAC72843-0BFF-43BA-ABDF-9FBD1FCEA638}.Release|Any CPU.Build.0 = Release|Any CPU
		{06D19057-6D48-4E10-A0D4-3FDDA156024D}.Debug|Any CPU.ActiveCfg = Debug|Any CPU
		{06D19057-6D48-4E10-A0D4-3FDDA156024D}.Debug|Any CPU.Build.0 = Debug|Any CPU
		{06D19057-6D48-4E10-A0D4-3FDDA156024D}.Release|Any CPU.ActiveCfg = Release|Any CPU
		{06D19057-6D48-4E10-A0D4-3FDDA156024D}.Release|Any CPU.Build.0 = Release|Any CPU
	EndGlobalSection
	GlobalSection(SolutionProperties) = preSolution
		HideSolutionNode = FALSE
	EndGlobalSection
	GlobalSection(NestedProjects) = preSolution
		{ED6D513C-2164-4628-B793-DD938B58ADA7} = {A9F096E8-AE2F-403E-9526-370E5E85A1E8}
		{3792669C-FD43-4D85-820B-3B332AF47E68} = {F50E1887-57FF-47D0-A7A9-C21A3E25F812}
		{D5A36E2F-EC20-4B45-A04A-BFD87C7E7F2C} = {F50E1887-57FF-47D0-A7A9-C21A3E25F812}
		{A3008965-86B3-4CCA-9423-C2CDCE7BCC24} = {F50E1887-57FF-47D0-A7A9-C21A3E25F812}
		{10D84B74-7F4B-49F3-A911-8EAB6A5AA420} = {1D35F97C-1722-423C-B943-80F66860B3A7}
		{FAC72843-0BFF-43BA-ABDF-9FBD1FCEA638} = {1D35F97C-1722-423C-B943-80F66860B3A7}
		{06D19057-6D48-4E10-A0D4-3FDDA156024D} = {1D35F97C-1722-423C-B943-80F66860B3A7}
	EndGlobalSection
	GlobalSection(ExtensibilityGlobals) = postSolution
		SolutionGuid = {F5797A17-96FE-4C3E-8E3E-268462C20FA2}
	EndGlobalSection
EndGlobal
